
Microsoft Visual Studio Solution File, Format Version 12.00
# Visual Studio Version 17
VisualStudioVersion = 17.0.32112.339
MinimumVisualStudioVersion = 10.0.40219.1
Project("{FAE04EC0-301F-11D3-BF4B-00C04F79EFBC}") = "CarRental", "CarRental.csproj", "{8B49CDB0-C424-4C91-A20E-539E80136486}"
EndProject
Global
	GlobalSection(SolutionConfigurationPlatforms) = preSolution
		Debug|Any CPU = Debug|Any CPU
		Release|Any CPU = Release|Any CPU
	EndGlobalSection
	GlobalSection(ProjectConfigurationPlatforms) = postSolution
		{8B49CDB0-C424-4C91-A20E-539E80136486}.Debug|Any CPU.ActiveCfg = Debug|Any CPU
		{8B49CDB0-C424-4C91-A20E-539E80136486}.Debug|Any CPU.Build.0 = Debug|Any CPU
		{8B49CDB0-C424-4C91-A20E-539E80136486}.Release|Any CPU.ActiveCfg = Release|Any CPU
		{8B49CDB0-C424-4C91-A20E-539E80136486}.Release|Any CPU.Build.0 = Release|Any CPU
	EndGlobalSection
	GlobalSection(SolutionProperties) = preSolution
		HideSolutionNode = FALSE
	EndGlobalSection
	GlobalSection(ExtensibilityGlobals) = postSolution
		SolutionGuid = {2F035260-7109-4911-8124-DD414161C8CB}
	EndGlobalSection
EndGlobal
